// !$*UTF8*$!
{
	archiveVersion = 1;
	classes = {
	};
	objectVersion = 46;
	objects = {

/* Begin PBXBuildFile section */
		D830CB321C94BC850003158A /* CoreDataManager.swift in Sources */ = {isa = PBXBuildFile; fileRef = D830CB311C94BC850003158A /* CoreDataManager.swift */; };
		D830CB341C94C5350003158A /* CoreDataUtil.swift in Sources */ = {isa = PBXBuildFile; fileRef = D830CB331C94C5350003158A /* CoreDataUtil.swift */; };
		D830CB3E1C94D7800003158A /* SortList.xcdatamodeld in Sources */ = {isa = PBXBuildFile; fileRef = D830CB3C1C94D7800003158A /* SortList.xcdatamodeld */; };
		D830CB421C94D9700003158A /* ToDoItem.swift in Sources */ = {isa = PBXBuildFile; fileRef = D830CB401C94D9700003158A /* ToDoItem.swift */; };
		D8E8D07E1C5EC74E007E4F48 /* AppDelegate.swift in Sources */ = {isa = PBXBuildFile; fileRef = D8E8D07D1C5EC74E007E4F48 /* AppDelegate.swift */; };
		D8E8D09B1C5EC817007E4F48 /* Assets.xcassets in Resources */ = {isa = PBXBuildFile; fileRef = D8E8D0931C5EC817007E4F48 /* Assets.xcassets */; };
		D8E8D09D1C5EC817007E4F48 /* LaunchScreen.storyboard in Resources */ = {isa = PBXBuildFile; fileRef = D8E8D0961C5EC817007E4F48 /* LaunchScreen.storyboard */; };
		D8E8D09E1C5EC817007E4F48 /* Main.storyboard in Resources */ = {isa = PBXBuildFile; fileRef = D8E8D0981C5EC817007E4F48 /* Main.storyboard */; };
		D8E8D0A01C5EC953007E4F48 /* ToDoListViewController.swift in Sources */ = {isa = PBXBuildFile; fileRef = D8E8D09F1C5EC953007E4F48 /* ToDoListViewController.swift */; };
		D8E8D0A31C5EC9C1007E4F48 /* ToDoListTableView.swift in Sources */ = {isa = PBXBuildFile; fileRef = D8E8D0A21C5EC9C1007E4F48 /* ToDoListTableView.swift */; };
		D8E8D0A81C5ED50B007E4F48 /* ToDoItemTableViewCell.swift in Sources */ = {isa = PBXBuildFile; fileRef = D8E8D0A61C5ED50B007E4F48 /* ToDoItemTableViewCell.swift */; };
		D8E8D0A91C5ED50B007E4F48 /* ToDoItemTableViewCell.xib in Resources */ = {isa = PBXBuildFile; fileRef = D8E8D0A71C5ED50B007E4F48 /* ToDoItemTableViewCell.xib */; };
		E75310D21C772350002A5E3B /* ColorsChoise.plist in Resources */ = {isa = PBXBuildFile; fileRef = E75310D11C772350002A5E3B /* ColorsChoise.plist */; };
		E75310D61C7725D4002A5E3B /* ColorBackGround.plist in Resources */ = {isa = PBXBuildFile; fileRef = E75310D51C7725D4002A5E3B /* ColorBackGround.plist */; };
		E75310DA1C7F097A002A5E3B /* UIView_Borders.swift in Sources */ = {isa = PBXBuildFile; fileRef = E75310D91C7F097A002A5E3B /* UIView_Borders.swift */; };
		E79C6B791C748EFB005D104F /* ToDoItemActionSheetControl.swift in Sources */ = {isa = PBXBuildFile; fileRef = E79C6B781C748EFB005D104F /* ToDoItemActionSheetControl.swift */; };
		E79C6B7B1C748F2B005D104F /* ActionSheetCellControl.swift in Sources */ = {isa = PBXBuildFile; fileRef = E79C6B7A1C748F2B005D104F /* ActionSheetCellControl.swift */; };
		E79C6B811C74E320005D104F /* CollectionViewController.swift in Sources */ = {isa = PBXBuildFile; fileRef = E79C6B801C74E320005D104F /* CollectionViewController.swift */; };
		E79C6B831C74E3A4005D104F /* ColorPickerViewController.swift1 in Resources */ = {isa = PBXBuildFile; fileRef = E79C6B821C74E3A4005D104F /* ColorPickerViewController.swift1 */; };
		E79C6B851C74E4B2005D104F /* ColorCollectionViewController.swift in Sources */ = {isa = PBXBuildFile; fileRef = E79C6B841C74E4B2005D104F /* ColorCollectionViewController.swift */; };
		E7C28CF41C9808A100FE3EF5 /* DateTimeEx.swift in Sources */ = {isa = PBXBuildFile; fileRef = E7C28CF31C9808A100FE3EF5 /* DateTimeEx.swift */; };
		E7C28CF61C9809E000FE3EF5 /* ColorMode.swift in Sources */ = {isa = PBXBuildFile; fileRef = E7C28CF51C9809E000FE3EF5 /* ColorMode.swift */; };
		E7C28CF81C9811DE00FE3EF5 /* ToDoItems+Color.swift in Sources */ = {isa = PBXBuildFile; fileRef = E7C28CF71C9811DE00FE3EF5 /* ToDoItems+Color.swift */; };
		E7C28CFE1C99B33400FE3EF5 /* OLD_ToDoItem+CoreDataProperties.swift in Sources */ = {isa = PBXBuildFile; fileRef = E7C28CFD1C99B33400FE3EF5 /* OLD_ToDoItem+CoreDataProperties.swift */; };
		E7C28D041C99B3C100FE3EF5 /* ToDoItem+CoreDataProperties.swift in Sources */ = {isa = PBXBuildFile; fileRef = E7C28D031C99B3C100FE3EF5 /* ToDoItem+CoreDataProperties.swift */; };
		E7D0D3331C6A003300B73DF2 /* DetailViewController.swift in Sources */ = {isa = PBXBuildFile; fileRef = E7D0D3321C6A003300B73DF2 /* DetailViewController.swift */; };
		E7D0D33B1C6BBF9100B73DF2 /* DetailViewControllerOLD.swift in Sources */ = {isa = PBXBuildFile; fileRef = E7D0D33A1C6BBF9100B73DF2 /* DetailViewControllerOLD.swift */; };
		E7D0D33D1C6CC74700B73DF2 /* TableViewControllerMetodTest.swift in Sources */ = {isa = PBXBuildFile; fileRef = E7D0D33C1C6CC74700B73DF2 /* TableViewControllerMetodTest.swift */; };
		E7D0D33F1C6DF5CA00B73DF2 /* UIAlertController_test.swift in Sources */ = {isa = PBXBuildFile; fileRef = E7D0D33E1C6DF5CA00B73DF2 /* UIAlertController_test.swift */; };
		E7D0D3451C6DF69300B73DF2 /* ToDoListTableViewController.swift in Sources */ = {isa = PBXBuildFile; fileRef = E7D0D3441C6DF69300B73DF2 /* ToDoListTableViewController.swift */; };
/* End PBXBuildFile section */

/* Begin PBXFileReference section */
		D830CB311C94BC850003158A /* CoreDataManager.swift */ = {isa = PBXFileReference; fileEncoding = 4; lastKnownFileType = sourcecode.swift; path = CoreDataManager.swift; sourceTree = "<group>"; };
		D830CB331C94C5350003158A /* CoreDataUtil.swift */ = {isa = PBXFileReference; fileEncoding = 4; lastKnownFileType = sourcecode.swift; path = CoreDataUtil.swift; sourceTree = "<group>"; };
		D830CB3D1C94D7800003158A /* SortList.xcdatamodel */ = {isa = PBXFileReference; lastKnownFileType = wrapper.xcdatamodel; path = SortList.xcdatamodel; sourceTree = "<group>"; };
		D830CB401C94D9700003158A /* ToDoItem.swift */ = {isa = PBXFileReference; fileEncoding = 4; lastKnownFileType = sourcecode.swift; path = ToDoItem.swift; sourceTree = "<group>"; };
		D8E8D07A1C5EC74E007E4F48 /* SortList.app */ = {isa = PBXFileReference; explicitFileType = wrapper.application; includeInIndex = 0; path = SortList.app; sourceTree = BUILT_PRODUCTS_DIR; };
		D8E8D07D1C5EC74E007E4F48 /* AppDelegate.swift */ = {isa = PBXFileReference; lastKnownFileType = sourcecode.swift; path = AppDelegate.swift; sourceTree = "<group>"; };
		D8E8D0931C5EC817007E4F48 /* Assets.xcassets */ = {isa = PBXFileReference; lastKnownFileType = folder.assetcatalog; path = Assets.xcassets; sourceTree = "<group>"; };
		D8E8D0941C5EC817007E4F48 /* Info.plist */ = {isa = PBXFileReference; fileEncoding = 4; lastKnownFileType = text.plist.xml; path = Info.plist; sourceTree = "<group>"; };
		D8E8D0971C5EC817007E4F48 /* Base */ = {isa = PBXFileReference; lastKnownFileType = file.storyboard; name = Base; path = Base.lproj/LaunchScreen.storyboard; sourceTree = "<group>"; };
		D8E8D0991C5EC817007E4F48 /* Base */ = {isa = PBXFileReference; lastKnownFileType = file.storyboard; name = Base; path = Base.lproj/Main.storyboard; sourceTree = "<group>"; };
		D8E8D09F1C5EC953007E4F48 /* ToDoListViewController.swift */ = {isa = PBXFileReference; fileEncoding = 4; lastKnownFileType = sourcecode.swift; path = ToDoListViewController.swift; sourceTree = "<group>"; };
		D8E8D0A21C5EC9C1007E4F48 /* ToDoListTableView.swift */ = {isa = PBXFileReference; fileEncoding = 4; lastKnownFileType = sourcecode.swift; path = ToDoListTableView.swift; sourceTree = "<group>"; };
		D8E8D0A61C5ED50B007E4F48 /* ToDoItemTableViewCell.swift */ = {isa = PBXFileReference; fileEncoding = 4; lastKnownFileType = sourcecode.swift; path = ToDoItemTableViewCell.swift; sourceTree = "<group>"; };
		D8E8D0A71C5ED50B007E4F48 /* ToDoItemTableViewCell.xib */ = {isa = PBXFileReference; fileEncoding = 4; lastKnownFileType = file.xib; path = ToDoItemTableViewCell.xib; sourceTree = "<group>"; };
		E75310D11C772350002A5E3B /* ColorsChoise.plist */ = {isa = PBXFileReference; fileEncoding = 4; lastKnownFileType = text.plist.xml; path = ColorsChoise.plist; sourceTree = "<group>"; };
		E75310D51C7725D4002A5E3B /* ColorBackGround.plist */ = {isa = PBXFileReference; fileEncoding = 4; lastKnownFileType = text.plist.xml; path = ColorBackGround.plist; sourceTree = "<group>"; };
		E75310D91C7F097A002A5E3B /* UIView_Borders.swift */ = {isa = PBXFileReference; fileEncoding = 4; lastKnownFileType = sourcecode.swift; path = UIView_Borders.swift; sourceTree = "<group>"; };
		E79C6B781C748EFB005D104F /* ToDoItemActionSheetControl.swift */ = {isa = PBXFileReference; fileEncoding = 4; lastKnownFileType = sourcecode.swift; path = ToDoItemActionSheetControl.swift; sourceTree = "<group>"; };
		E79C6B7A1C748F2B005D104F /* ActionSheetCellControl.swift */ = {isa = PBXFileReference; fileEncoding = 4; lastKnownFileType = sourcecode.swift; path = ActionSheetCellControl.swift; sourceTree = "<group>"; };
		E79C6B801C74E320005D104F /* CollectionViewController.swift */ = {isa = PBXFileReference; fileEncoding = 4; lastKnownFileType = sourcecode.swift; path = CollectionViewController.swift; sourceTree = "<group>"; };
		E79C6B821C74E3A4005D104F /* ColorPickerViewController.swift1 */ = {isa = PBXFileReference; fileEncoding = 4; lastKnownFileType = text; path = ColorPickerViewController.swift1; sourceTree = "<group>"; };
		E79C6B841C74E4B2005D104F /* ColorCollectionViewController.swift */ = {isa = PBXFileReference; fileEncoding = 4; lastKnownFileType = sourcecode.swift; path = ColorCollectionViewController.swift; sourceTree = "<group>"; };
		E7C28CF31C9808A100FE3EF5 /* DateTimeEx.swift */ = {isa = PBXFileReference; fileEncoding = 4; lastKnownFileType = sourcecode.swift; path = DateTimeEx.swift; sourceTree = "<group>"; };
		E7C28CF51C9809E000FE3EF5 /* ColorMode.swift */ = {isa = PBXFileReference; fileEncoding = 4; lastKnownFileType = sourcecode.swift; path = ColorMode.swift; sourceTree = "<group>"; };
		E7C28CF71C9811DE00FE3EF5 /* ToDoItems+Color.swift */ = {isa = PBXFileReference; fileEncoding = 4; lastKnownFileType = sourcecode.swift; path = "ToDoItems+Color.swift"; sourceTree = "<group>"; };
		E7C28CFD1C99B33400FE3EF5 /* OLD_ToDoItem+CoreDataProperties.swift */ = {isa = PBXFileReference; fileEncoding = 4; lastKnownFileType = sourcecode.swift; path = "OLD_ToDoItem+CoreDataProperties.swift"; sourceTree = "<group>"; };
		E7C28D031C99B3C100FE3EF5 /* ToDoItem+CoreDataProperties.swift */ = {isa = PBXFileReference; fileEncoding = 4; lastKnownFileType = sourcecode.swift; path = "ToDoItem+CoreDataProperties.swift"; sourceTree = "<group>"; };
		E7D0D3321C6A003300B73DF2 /* DetailViewController.swift */ = {isa = PBXFileReference; fileEncoding = 4; lastKnownFileType = sourcecode.swift; path = DetailViewController.swift; sourceTree = "<group>"; };
		E7D0D33A1C6BBF9100B73DF2 /* DetailViewControllerOLD.swift */ = {isa = PBXFileReference; fileEncoding = 4; lastKnownFileType = sourcecode.swift; path = DetailViewControllerOLD.swift; sourceTree = "<group>"; };
		E7D0D33C1C6CC74700B73DF2 /* TableViewControllerMetodTest.swift */ = {isa = PBXFileReference; fileEncoding = 4; lastKnownFileType = sourcecode.swift; path = TableViewControllerMetodTest.swift; sourceTree = "<group>"; };
		E7D0D33E1C6DF5CA00B73DF2 /* UIAlertController_test.swift */ = {isa = PBXFileReference; fileEncoding = 4; lastKnownFileType = sourcecode.swift; path = UIAlertController_test.swift; sourceTree = "<group>"; };
		E7D0D3441C6DF69300B73DF2 /* ToDoListTableViewController.swift */ = {isa = PBXFileReference; fileEncoding = 4; lastKnownFileType = sourcecode.swift; path = ToDoListTableViewController.swift; sourceTree = "<group>"; };
/* End PBXFileReference section */

/* Begin PBXFrameworksBuildPhase section */
		D8E8D0771C5EC74E007E4F48 /* Frameworks */ = {
			isa = PBXFrameworksBuildPhase;
			buildActionMask = 2147483647;
			files = (
			);
			runOnlyForDeploymentPostprocessing = 0;
		};
/* End PBXFrameworksBuildPhase section */

/* Begin PBXGroup section */
		D830CB2F1C94BC460003158A /* Helpers */ = {
			isa = PBXGroup;
			children = (
				E7C28CF21C9808A100FE3EF5 /* DateTime */,
				D830CB301C94BC460003158A /* CoreData */,
			);
			path = Helpers;
			sourceTree = "<group>";
		};
		D830CB301C94BC460003158A /* CoreData */ = {
			isa = PBXGroup;
			children = (
				D830CB311C94BC850003158A /* CoreDataManager.swift */,
				D830CB331C94C5350003158A /* CoreDataUtil.swift */,
			);
			path = CoreData;
			sourceTree = "<group>";
		};
		D830CB351C94D74B0003158A /* Entities */ = {
			isa = PBXGroup;
			children = (
				E7C28D031C99B3C100FE3EF5 /* ToDoItem+CoreDataProperties.swift */,
				D830CB401C94D9700003158A /* ToDoItem.swift */,
				E7C28CF71C9811DE00FE3EF5 /* ToDoItems+Color.swift */,
			);
			path = Entities;
			sourceTree = "<group>";
		};
		D8E8D0711C5EC74E007E4F48 = {
			isa = PBXGroup;
			children = (
				D8E8D07C1C5EC74E007E4F48 /* SortList */,
				E7D0D3391C6BBF9100B73DF2 /* Trash */,
				D8E8D07B1C5EC74E007E4F48 /* Products */,
			);
			sourceTree = "<group>";
		};
		D8E8D07B1C5EC74E007E4F48 /* Products */ = {
			isa = PBXGroup;
			children = (
				D8E8D07A1C5EC74E007E4F48 /* SortList.app */,
			);
			name = Products;
			sourceTree = "<group>";
		};
		D8E8D07C1C5EC74E007E4F48 /* SortList */ = {
			isa = PBXGroup;
			children = (
				D830CB2F1C94BC460003158A /* Helpers */,
				D8E8D07D1C5EC74E007E4F48 /* AppDelegate.swift */,
				D8E8D0911C5EC817007E4F48 /* Models */,
				D8E8D08F1C5EC817007E4F48 /* Controllers */,
				D8E8D0951C5EC817007E4F48 /* Views */,
				D8E8D0921C5EC817007E4F48 /* Resources */,
			);
			path = SortList;
			sourceTree = "<group>";
		};
		D8E8D08F1C5EC817007E4F48 /* Controllers */ = {
			isa = PBXGroup;
			children = (
				E79C6B801C74E320005D104F /* CollectionViewController.swift */,
				D8E8D09F1C5EC953007E4F48 /* ToDoListViewController.swift */,
				E7D0D3321C6A003300B73DF2 /* DetailViewController.swift */,
				E79C6B781C748EFB005D104F /* ToDoItemActionSheetControl.swift */,
			);
			path = Controllers;
			sourceTree = "<group>";
		};
		D8E8D0911C5EC817007E4F48 /* Models */ = {
			isa = PBXGroup;
			children = (
				D830CB351C94D74B0003158A /* Entities */,
				D830CB3C1C94D7800003158A /* SortList.xcdatamodeld */,
			);
			path = Models;
			sourceTree = "<group>";
		};
		D8E8D0921C5EC817007E4F48 /* Resources */ = {
			isa = PBXGroup;
			children = (
				E75310D01C772350002A5E3B /* Color */,
				D8E8D0931C5EC817007E4F48 /* Assets.xcassets */,
				D8E8D0941C5EC817007E4F48 /* Info.plist */,
			);
			path = Resources;
			sourceTree = "<group>";
		};
		D8E8D0951C5EC817007E4F48 /* Views */ = {
			isa = PBXGroup;
			children = (
				D8E8D0A11C5EC99C007E4F48 /* ToDoListViews */,
				D8E8D0961C5EC817007E4F48 /* LaunchScreen.storyboard */,
				D8E8D0981C5EC817007E4F48 /* Main.storyboard */,
			);
			path = Views;
			sourceTree = "<group>";
		};
		D8E8D0A11C5EC99C007E4F48 /* ToDoListViews */ = {
			isa = PBXGroup;
			children = (
				E75310D91C7F097A002A5E3B /* UIView_Borders.swift */,
				D8E8D0A21C5EC9C1007E4F48 /* ToDoListTableView.swift */,
				D8E8D0A61C5ED50B007E4F48 /* ToDoItemTableViewCell.swift */,
				D8E8D0A71C5ED50B007E4F48 /* ToDoItemTableViewCell.xib */,
			);
			path = ToDoListViews;
			sourceTree = "<group>";
		};
		E75310D01C772350002A5E3B /* Color */ = {
			isa = PBXGroup;
			children = (
				E75310D11C772350002A5E3B /* ColorsChoise.plist */,
			);
			path = Color;
			sourceTree = "<group>";
		};
		E7C28CF21C9808A100FE3EF5 /* DateTime */ = {
			isa = PBXGroup;
			children = (
				E7C28CF31C9808A100FE3EF5 /* DateTimeEx.swift */,
			);
			path = DateTime;
			sourceTree = "<group>";
		};
		E7D0D3391C6BBF9100B73DF2 /* Trash */ = {
			isa = PBXGroup;
			children = (
				E7C28CFD1C99B33400FE3EF5 /* OLD_ToDoItem+CoreDataProperties.swift */,
				E7C28CF51C9809E000FE3EF5 /* ColorMode.swift */,
				E75310D51C7725D4002A5E3B /* ColorBackGround.plist */,
				E79C6B841C74E4B2005D104F /* ColorCollectionViewController.swift */,
				E79C6B821C74E3A4005D104F /* ColorPickerViewController.swift1 */,
				E79C6B7A1C748F2B005D104F /* ActionSheetCellControl.swift */,
				E7D0D3441C6DF69300B73DF2 /* ToDoListTableViewController.swift */,
				E7D0D33C1C6CC74700B73DF2 /* TableViewControllerMetodTest.swift */,
				E7D0D33E1C6DF5CA00B73DF2 /* UIAlertController_test.swift */,
				E7D0D33A1C6BBF9100B73DF2 /* DetailViewControllerOLD.swift */,
			);
			name = Trash;
			path = SortList/Trash;
			sourceTree = "<group>";
		};
/* End PBXGroup section */

/* Begin PBXNativeTarget section */
		D8E8D0791C5EC74E007E4F48 /* SortList */ = {
			isa = PBXNativeTarget;
			buildConfigurationList = D8E8D08C1C5EC74E007E4F48 /* Build configuration list for PBXNativeTarget "SortList" */;
			buildPhases = (
				D8E8D0761C5EC74E007E4F48 /* Sources */,
				D8E8D0771C5EC74E007E4F48 /* Frameworks */,
				D8E8D0781C5EC74E007E4F48 /* Resources */,
			);
			buildRules = (
			);
			dependencies = (
			);
			name = SortList;
			productName = SortList;
			productReference = D8E8D07A1C5EC74E007E4F48 /* SortList.app */;
			productType = "com.apple.product-type.application";
		};
/* End PBXNativeTarget section */

/* Begin PBXProject section */
		D8E8D0721C5EC74E007E4F48 /* Project object */ = {
			isa = PBXProject;
			attributes = {
				LastSwiftUpdateCheck = 0720;
				LastUpgradeCheck = 0720;
				ORGANIZATIONNAME = Local;
				TargetAttributes = {
					D8E8D0791C5EC74E007E4F48 = {
						CreatedOnToolsVersion = 7.2;
					};
				};
			};
			buildConfigurationList = D8E8D0751C5EC74E007E4F48 /* Build configuration list for PBXProject "SortList" */;
			compatibilityVersion = "Xcode 3.2";
			developmentRegion = English;
			hasScannedForEncodings = 0;
			knownRegions = (
				en,
				Base,
			);
			mainGroup = D8E8D0711C5EC74E007E4F48;
			productRefGroup = D8E8D07B1C5EC74E007E4F48 /* Products */;
			projectDirPath = "";
			projectRoot = "";
			targets = (
				D8E8D0791C5EC74E007E4F48 /* SortList */,
			);
		};
/* End PBXProject section */

/* Begin PBXResourcesBuildPhase section */
		D8E8D0781C5EC74E007E4F48 /* Resources */ = {
			isa = PBXResourcesBuildPhase;
			buildActionMask = 2147483647;
			files = (
				E75310D21C772350002A5E3B /* ColorsChoise.plist in Resources */,
				D8E8D09D1C5EC817007E4F48 /* LaunchScreen.storyboard in Resources */,
				E75310D61C7725D4002A5E3B /* ColorBackGround.plist in Resources */,
				D8E8D09B1C5EC817007E4F48 /* Assets.xcassets in Resources */,
				D8E8D0A91C5ED50B007E4F48 /* ToDoItemTableViewCell.xib in Resources */,
				E79C6B831C74E3A4005D104F /* ColorPickerViewController.swift1 in Resources */,
				D8E8D09E1C5EC817007E4F48 /* Main.storyboard in Resources */,
			);
			runOnlyForDeploymentPostprocessing = 0;
		};
/* End PBXResourcesBuildPhase section */

/* Begin PBXSourcesBuildPhase section */
		D8E8D0761C5EC74E007E4F48 /* Sources */ = {
			isa = PBXSourcesBuildPhase;
			buildActionMask = 2147483647;
			files = (
				D830CB341C94C5350003158A /* CoreDataUtil.swift in Sources */,
				E7D0D33B1C6BBF9100B73DF2 /* DetailViewControllerOLD.swift in Sources */,
				E7C28CFE1C99B33400FE3EF5 /* OLD_ToDoItem+CoreDataProperties.swift in Sources */,
				D8E8D0A01C5EC953007E4F48 /* ToDoListViewController.swift in Sources */,
				E7D0D3451C6DF69300B73DF2 /* ToDoListTableViewController.swift in Sources */,
				D8E8D07E1C5EC74E007E4F48 /* AppDelegate.swift in Sources */,
				E75310DA1C7F097A002A5E3B /* UIView_Borders.swift in Sources */,
				E7C28CF81C9811DE00FE3EF5 /* ToDoItems+Color.swift in Sources */,
				E7C28D041C99B3C100FE3EF5 /* ToDoItem+CoreDataProperties.swift in Sources */,
				E7D0D3331C6A003300B73DF2 /* DetailViewController.swift in Sources */,
				E79C6B811C74E320005D104F /* CollectionViewController.swift in Sources */,
				D830CB3E1C94D7800003158A /* SortList.xcdatamodeld in Sources */,
				E79C6B851C74E4B2005D104F /* ColorCollectionViewController.swift in Sources */,
				D8E8D0A31C5EC9C1007E4F48 /* ToDoListTableView.swift in Sources */,
				E79C6B791C748EFB005D104F /* ToDoItemActionSheetControl.swift in Sources */,
				E7D0D33D1C6CC74700B73DF2 /* TableViewControllerMetodTest.swift in Sources */,
				E7C28CF61C9809E000FE3EF5 /* ColorMode.swift in Sources */,
				E79C6B7B1C748F2B005D104F /* ActionSheetCellControl.swift in Sources */,
				E7C28CF41C9808A100FE3EF5 /* DateTimeEx.swift in Sources */,
				D8E8D0A81C5ED50B007E4F48 /* ToDoItemTableViewCell.swift in Sources */,
				D830CB421C94D9700003158A /* ToDoItem.swift in Sources */,
				D830CB321C94BC850003158A /* CoreDataManager.swift in Sources */,
				E7D0D33F1C6DF5CA00B73DF2 /* UIAlertController_test.swift in Sources */,
			);
			runOnlyForDeploymentPostprocessing = 0;
		};
/* End PBXSourcesBuildPhase section */

/* Begin PBXVariantGroup section */
		D8E8D0961C5EC817007E4F48 /* LaunchScreen.storyboard */ = {
			isa = PBXVariantGroup;
			children = (
				D8E8D0971C5EC817007E4F48 /* Base */,
			);
			name = LaunchScreen.storyboard;
			sourceTree = "<group>";
		};
		D8E8D0981C5EC817007E4F48 /* Main.storyboard */ = {
			isa = PBXVariantGroup;
			children = (
				D8E8D0991C5EC817007E4F48 /* Base */,
			);
			name = Main.storyboard;
			sourceTree = "<group>";
		};
/* End PBXVariantGroup section */

/* Begin XCBuildConfiguration section */
		D8E8D08A1C5EC74E007E4F48 /* Debug */ = {
			isa = XCBuildConfiguration;
			buildSettings = {
				ALWAYS_SEARCH_USER_PATHS = NO;
				CLANG_CXX_LANGUAGE_STANDARD = "gnu++0x";
				CLANG_CXX_LIBRARY = "libc++";
				CLANG_ENABLE_MODULES = YES;
				CLANG_ENABLE_OBJC_ARC = YES;
				CLANG_WARN_BOOL_CONVERSION = YES;
				CLANG_WARN_CONSTANT_CONVERSION = YES;
				CLANG_WARN_DIRECT_OBJC_ISA_USAGE = YES_ERROR;
				CLANG_WARN_EMPTY_BODY = YES;
				CLANG_WARN_ENUM_CONVERSION = YES;
				CLANG_WARN_INT_CONVERSION = YES;
				CLANG_WARN_OBJC_ROOT_CLASS = YES_ERROR;
				CLANG_WARN_UNREACHABLE_CODE = YES;
				CLANG_WARN__DUPLICATE_METHOD_MATCH = YES;
				"CODE_SIGN_IDENTITY[sdk=iphoneos*]" = "iPhone Developer";
				COPY_PHASE_STRIP = NO;
				DEBUG_INFORMATION_FORMAT = dwarf;
				ENABLE_STRICT_OBJC_MSGSEND = YES;
				ENABLE_TESTABILITY = YES;
				GCC_C_LANGUAGE_STANDARD = gnu99;
				GCC_DYNAMIC_NO_PIC = NO;
				GCC_NO_COMMON_BLOCKS = YES;
				GCC_OPTIMIZATION_LEVEL = 0;
				GCC_PREPROCESSOR_DEFINITIONS = (
					"DEBUG=1",
					"$(inherited)",
				);
				GCC_WARN_64_TO_32_BIT_CONVERSION = YES;
				GCC_WARN_ABOUT_RETURN_TYPE = YES_ERROR;
				GCC_WARN_UNDECLARED_SELECTOR = YES;
				GCC_WARN_UNINITIALIZED_AUTOS = YES_AGGRESSIVE;
				GCC_WARN_UNUSED_FUNCTION = YES;
				GCC_WARN_UNUSED_VARIABLE = YES;
				IPHONEOS_DEPLOYMENT_TARGET = 9.2;
				MTL_ENABLE_DEBUG_INFO = YES;
				ONLY_ACTIVE_ARCH = YES;
				SDKROOT = iphoneos;
				SWIFT_OPTIMIZATION_LEVEL = "-Onone";
			};
			name = Debug;
		};
		D8E8D08B1C5EC74E007E4F48 /* Release */ = {
			isa = XCBuildConfiguration;
			buildSettings = {
				ALWAYS_SEARCH_USER_PATHS = NO;
				CLANG_CXX_LANGUAGE_STANDARD = "gnu++0x";
				CLANG_CXX_LIBRARY = "libc++";
				CLANG_ENABLE_MODULES = YES;
				CLANG_ENABLE_OBJC_ARC = YES;
				CLANG_WARN_BOOL_CONVERSION = YES;
				CLANG_WARN_CONSTANT_CONVERSION = YES;
				CLANG_WARN_DIRECT_OBJC_ISA_USAGE = YES_ERROR;
				CLANG_WARN_EMPTY_BODY = YES;
				CLANG_WARN_ENUM_CONVERSION = YES;
				CLANG_WARN_INT_CONVERSION = YES;
				CLANG_WARN_OBJC_ROOT_CLASS = YES_ERROR;
				CLANG_WARN_UNREACHABLE_CODE = YES;
				CLANG_WARN__DUPLICATE_METHOD_MATCH = YES;
				"CODE_SIGN_IDENTITY[sdk=iphoneos*]" = "iPhone Developer";
				COPY_PHASE_STRIP = NO;
				DEBUG_INFORMATION_FORMAT = "dwarf-with-dsym";
				ENABLE_NS_ASSERTIONS = NO;
				ENABLE_STRICT_OBJC_MSGSEND = YES;
				GCC_C_LANGUAGE_STANDARD = gnu99;
				GCC_NO_COMMON_BLOCKS = YES;
				GCC_WARN_64_TO_32_BIT_CONVERSION = YES;
				GCC_WARN_ABOUT_RETURN_TYPE = YES_ERROR;
				GCC_WARN_UNDECLARED_SELECTOR = YES;
				GCC_WARN_UNINITIALIZED_AUTOS = YES_AGGRESSIVE;
				GCC_WARN_UNUSED_FUNCTION = YES;
				GCC_WARN_UNUSED_VARIABLE = YES;
				IPHONEOS_DEPLOYMENT_TARGET = 9.2;
				MTL_ENABLE_DEBUG_INFO = NO;
				SDKROOT = iphoneos;
				VALIDATE_PRODUCT = YES;
			};
			name = Release;
		};
		D8E8D08D1C5EC74E007E4F48 /* Debug */ = {
			isa = XCBuildConfiguration;
			buildSettings = {
				ASSETCATALOG_COMPILER_APPICON_NAME = AppIcon;
				INFOPLIST_FILE = "$(SRCROOT)/SortList/Resources/Info.plist";
				IPHONEOS_DEPLOYMENT_TARGET = 8.0;
				LD_RUNPATH_SEARCH_PATHS = "$(inherited) @executable_path/Frameworks";
				PRODUCT_BUNDLE_IDENTIFIER = com.test.SortList;
				PRODUCT_NAME = "$(TARGET_NAME)";
			};
			name = Debug;
		};
		D8E8D08E1C5EC74E007E4F48 /* Release */ = {
			isa = XCBuildConfiguration;
			buildSettings = {
				ASSETCATALOG_COMPILER_APPICON_NAME = AppIcon;
				INFOPLIST_FILE = "$(SRCROOT)/SortList/Resources/Info.plist";
				IPHONEOS_DEPLOYMENT_TARGET = 8.0;
				LD_RUNPATH_SEARCH_PATHS = "$(inherited) @executable_path/Frameworks";
				PRODUCT_BUNDLE_IDENTIFIER = com.test.SortList;
				PRODUCT_NAME = "$(TARGET_NAME)";
			};
			name = Release;
		};
/* End XCBuildConfiguration section */

/* Begin XCConfigurationList section */
		D8E8D0751C5EC74E007E4F48 /* Build configuration list for PBXProject "SortList" */ = {
			isa = XCConfigurationList;
			buildConfigurations = (
				D8E8D08A1C5EC74E007E4F48 /* Debug */,
				D8E8D08B1C5EC74E007E4F48 /* Release */,
			);
			defaultConfigurationIsVisible = 0;
			defaultConfigurationName = Release;
		};
		D8E8D08C1C5EC74E007E4F48 /* Build configuration list for PBXNativeTarget "SortList" */ = {
			isa = XCConfigurationList;
			buildConfigurations = (
				D8E8D08D1C5EC74E007E4F48 /* Debug */,
				D8E8D08E1C5EC74E007E4F48 /* Release */,
			);
			defaultConfigurationIsVisible = 0;
			defaultConfigurationName = Release;
		};
/* End XCConfigurationList section */

/* Begin XCVersionGroup section */
		D830CB3C1C94D7800003158A /* SortList.xcdatamodeld */ = {
			isa = XCVersionGroup;
			children = (
				D830CB3D1C94D7800003158A /* SortList.xcdatamodel */,
			);
			currentVersion = D830CB3D1C94D7800003158A /* SortList.xcdatamodel */;
			path = SortList.xcdatamodeld;
			sourceTree = "<group>";
			versionGroupType = wrapper.xcdatamodel;
		};
/* End XCVersionGroup section */
	};
	rootObject = D8E8D0721C5EC74E007E4F48 /* Project object */;
}
